// !$*UTF8*$!
{
	archiveVersion = 1;
	classes = {
	};
	objectVersion = 56;
	objects = {

/* Begin PBXBuildFile section */
		190B263B29ABDE25009B4FE6 /* GoogleService-Info.plist in Resources */ = {isa = PBXBuildFile; fileRef = 190B263A29ABDE25009B4FE6 /* GoogleService-Info.plist */; };
		190B263E29ABE1FD009B4FE6 /* AppDelegate.swift in Sources */ = {isa = PBXBuildFile; fileRef = 190B263D29ABE1FD009B4FE6 /* AppDelegate.swift */; };
		190B264129ABE4F8009B4FE6 /* String.swift in Sources */ = {isa = PBXBuildFile; fileRef = 190B264029ABE4F8009B4FE6 /* String.swift */; };
		2D56D78529AAB7E500C43AA5 /* copwatchApp.swift in Sources */ = {isa = PBXBuildFile; fileRef = 2D56D78429AAB7E500C43AA5 /* copwatchApp.swift */; };
		2D56D78729AAB7E500C43AA5 /* ContentView.swift in Sources */ = {isa = PBXBuildFile; fileRef = 2D56D78629AAB7E500C43AA5 /* ContentView.swift */; };
		2D56D78929AAB7E700C43AA5 /* Assets.xcassets in Resources */ = {isa = PBXBuildFile; fileRef = 2D56D78829AAB7E700C43AA5 /* Assets.xcassets */; };
		2D56D78C29AAB7E700C43AA5 /* Preview Assets.xcassets in Resources */ = {isa = PBXBuildFile; fileRef = 2D56D78B29AAB7E700C43AA5 /* Preview Assets.xcassets */; };
		2D56D79429AAB80100C43AA5 /* Loginview.swift in Sources */ = {isa = PBXBuildFile; fileRef = 2D56D79329AAB80100C43AA5 /* Loginview.swift */; };
		2D56D79629AAB80A00C43AA5 /* Signupview.swift in Sources */ = {isa = PBXBuildFile; fileRef = 2D56D79529AAB80A00C43AA5 /* Signupview.swift */; };
		2D56D79829AAB81900C43AA5 /* Authview.swift in Sources */ = {isa = PBXBuildFile; fileRef = 2D56D79729AAB81900C43AA5 /* Authview.swift */; };
		4BDE3C6F3F04F64951B61174 /* Pods_copwatch.framework in Frameworks */ = {isa = PBXBuildFile; fileRef = 4C95A208B2F331B06B3BA8D3 /* Pods_copwatch.framework */; };
/* End PBXBuildFile section */

/* Begin PBXFileReference section */
		0A660C2173DE1B1B31D6B56F /* Pods-copwatch.debug.xcconfig */ = {isa = PBXFileReference; includeInIndex = 1; lastKnownFileType = text.xcconfig; name = "Pods-copwatch.debug.xcconfig"; path = "Target Support Files/Pods-copwatch/Pods-copwatch.debug.xcconfig"; sourceTree = "<group>"; };
		190B263A29ABDE25009B4FE6 /* GoogleService-Info.plist */ = {isa = PBXFileReference; fileEncoding = 4; lastKnownFileType = text.plist.xml; path = "GoogleService-Info.plist"; sourceTree = "<group>"; };
		190B263D29ABE1FD009B4FE6 /* AppDelegate.swift */ = {isa = PBXFileReference; lastKnownFileType = sourcecode.swift; path = AppDelegate.swift; sourceTree = "<group>"; };
		190B264029ABE4F8009B4FE6 /* String.swift */ = {isa = PBXFileReference; lastKnownFileType = sourcecode.swift; path = String.swift; sourceTree = "<group>"; };
		2D56D78129AAB7E500C43AA5 /* copwatch.app */ = {isa = PBXFileReference; explicitFileType = wrapper.application; includeInIndex = 0; path = copwatch.app; sourceTree = BUILT_PRODUCTS_DIR; };
		2D56D78429AAB7E500C43AA5 /* copwatchApp.swift */ = {isa = PBXFileReference; lastKnownFileType = sourcecode.swift; path = copwatchApp.swift; sourceTree = "<group>"; };
		2D56D78629AAB7E500C43AA5 /* ContentView.swift */ = {isa = PBXFileReference; lastKnownFileType = sourcecode.swift; path = ContentView.swift; sourceTree = "<group>"; };
		2D56D78829AAB7E700C43AA5 /* Assets.xcassets */ = {isa = PBXFileReference; lastKnownFileType = folder.assetcatalog; path = Assets.xcassets; sourceTree = "<group>"; };
		2D56D78B29AAB7E700C43AA5 /* Preview Assets.xcassets */ = {isa = PBXFileReference; lastKnownFileType = folder.assetcatalog; path = "Preview Assets.xcassets"; sourceTree = "<group>"; };
		2D56D79329AAB80100C43AA5 /* Loginview.swift */ = {isa = PBXFileReference; lastKnownFileType = sourcecode.swift; path = Loginview.swift; sourceTree = "<group>"; };
		2D56D79529AAB80A00C43AA5 /* Signupview.swift */ = {isa = PBXFileReference; lastKnownFileType = sourcecode.swift; path = Signupview.swift; sourceTree = "<group>"; };
		2D56D79729AAB81900C43AA5 /* Authview.swift */ = {isa = PBXFileReference; lastKnownFileType = sourcecode.swift; path = Authview.swift; sourceTree = "<group>"; };
		2D56D79929AABA0C00C43AA5 /* Info.plist */ = {isa = PBXFileReference; lastKnownFileType = text.plist; path = Info.plist; sourceTree = "<group>"; };
		4C95A208B2F331B06B3BA8D3 /* Pods_copwatch.framework */ = {isa = PBXFileReference; explicitFileType = wrapper.framework; includeInIndex = 0; path = Pods_copwatch.framework; sourceTree = BUILT_PRODUCTS_DIR; };
		7D3BE2C6E6DD4D8ABD9530FB /* Pods-copwatch.release.xcconfig */ = {isa = PBXFileReference; includeInIndex = 1; lastKnownFileType = text.xcconfig; name = "Pods-copwatch.release.xcconfig"; path = "Target Support Files/Pods-copwatch/Pods-copwatch.release.xcconfig"; sourceTree = "<group>"; };
/* End PBXFileReference section */

/* Begin PBXFrameworksBuildPhase section */
		2D56D77E29AAB7E500C43AA5 /* Frameworks */ = {
			isa = PBXFrameworksBuildPhase;
			buildActionMask = 2147483647;
			files = (
				4BDE3C6F3F04F64951B61174 /* Pods_copwatch.framework in Frameworks */,
			);
			runOnlyForDeploymentPostprocessing = 0;
		};
/* End PBXFrameworksBuildPhase section */

/* Begin PBXGroup section */
		190B263C29ABE1EC009B4FE6 /* Helper */ = {
			isa = PBXGroup;
			children = (
				190B263D29ABE1FD009B4FE6 /* AppDelegate.swift */,
			);
			path = Helper;
			sourceTree = "<group>";
		};
		190B263F29ABE4DD009B4FE6 /* Extensions */ = {
			isa = PBXGroup;
			children = (
				190B264029ABE4F8009B4FE6 /* String.swift */,
			);
			path = Extensions;
			sourceTree = "<group>";
		};
		2D56D77829AAB7E500C43AA5 = {
			isa = PBXGroup;
			children = (
				2D56D78329AAB7E500C43AA5 /* copwatch */,
				2D56D78229AAB7E500C43AA5 /* Products */,
				8480E70F21B1B5D4808D35B3 /* Pods */,
				A2377436381FC389B4FBFB8E /* Frameworks */,
			);
			sourceTree = "<group>";
		};
		2D56D78229AAB7E500C43AA5 /* Products */ = {
			isa = PBXGroup;
			children = (
				2D56D78129AAB7E500C43AA5 /* copwatch.app */,
			);
			name = Products;
			sourceTree = "<group>";
		};
		2D56D78329AAB7E500C43AA5 /* copwatch */ = {
			isa = PBXGroup;
			children = (
				2D56D79929AABA0C00C43AA5 /* Info.plist */,
				190B263C29ABE1EC009B4FE6 /* Helper */,
				190B263F29ABE4DD009B4FE6 /* Extensions */,
				2D56D79229AAB7F300C43AA5 /* Views */,
				2D56D78429AAB7E500C43AA5 /* copwatchApp.swift */,
				2D56D78629AAB7E500C43AA5 /* ContentView.swift */,
				2D56D78829AAB7E700C43AA5 /* Assets.xcassets */,
				190B263A29ABDE25009B4FE6 /* GoogleService-Info.plist */,
				2D56D78A29AAB7E700C43AA5 /* Preview Content */,
			);
			path = copwatch;
			sourceTree = "<group>";
		};
		2D56D78A29AAB7E700C43AA5 /* Preview Content */ = {
			isa = PBXGroup;
			children = (
				2D56D78B29AAB7E700C43AA5 /* Preview Assets.xcassets */,
			);
			path = "Preview Content";
			sourceTree = "<group>";
		};
		2D56D79229AAB7F300C43AA5 /* Views */ = {
			isa = PBXGroup;
			children = (
				2D56D79329AAB80100C43AA5 /* Loginview.swift */,
				2D56D79529AAB80A00C43AA5 /* Signupview.swift */,
				2D56D79729AAB81900C43AA5 /* Authview.swift */,
			);
			path = Views;
			sourceTree = "<group>";
		};
		8480E70F21B1B5D4808D35B3 /* Pods */ = {
			isa = PBXGroup;
			children = (
				0A660C2173DE1B1B31D6B56F /* Pods-copwatch.debug.xcconfig */,
				7D3BE2C6E6DD4D8ABD9530FB /* Pods-copwatch.release.xcconfig */,
			);
			path = Pods;
			sourceTree = "<group>";
		};
		A2377436381FC389B4FBFB8E /* Frameworks */ = {
			isa = PBXGroup;
			children = (
				4C95A208B2F331B06B3BA8D3 /* Pods_copwatch.framework */,
			);
			name = Frameworks;
			sourceTree = "<group>";
		};
/* End PBXGroup section */

/* Begin PBXNativeTarget section */
		2D56D78029AAB7E500C43AA5 /* copwatch */ = {
			isa = PBXNativeTarget;
			buildConfigurationList = 2D56D78F29AAB7E700C43AA5 /* Build configuration list for PBXNativeTarget "copwatch" */;
			buildPhases = (
				5C815D397C536522B7130774 /* [CP] Check Pods Manifest.lock */,
				2D56D77D29AAB7E500C43AA5 /* Sources */,
				2D56D77E29AAB7E500C43AA5 /* Frameworks */,
				2D56D77F29AAB7E500C43AA5 /* Resources */,
				21F33599968E3E8D4053D7D4 /* [CP] Embed Pods Frameworks */,
				7A5E1255369C0226A5512465 /* [CP] Copy Pods Resources */,
			);
			buildRules = (
			);
			dependencies = (
			);
			name = copwatch;
			productName = copwatch;
			productReference = 2D56D78129AAB7E500C43AA5 /* copwatch.app */;
			productType = "com.apple.product-type.application";
		};
/* End PBXNativeTarget section */

/* Begin PBXProject section */
		2D56D77929AAB7E500C43AA5 /* Project object */ = {
			isa = PBXProject;
			attributes = {
				BuildIndependentTargetsInParallel = 1;
				LastSwiftUpdateCheck = 1420;
				LastUpgradeCheck = 1420;
				TargetAttributes = {
					2D56D78029AAB7E500C43AA5 = {
						CreatedOnToolsVersion = 14.2;
					};
				};
			};
			buildConfigurationList = 2D56D77C29AAB7E500C43AA5 /* Build configuration list for PBXProject "copwatch" */;
			compatibilityVersion = "Xcode 14.0";
			developmentRegion = en;
			hasScannedForEncodings = 0;
			knownRegions = (
				en,
				Base,
			);
			mainGroup = 2D56D77829AAB7E500C43AA5;
			productRefGroup = 2D56D78229AAB7E500C43AA5 /* Products */;
			projectDirPath = "";
			projectRoot = "";
			targets = (
				2D56D78029AAB7E500C43AA5 /* copwatch */,
			);
		};
/* End PBXProject section */

/* Begin PBXResourcesBuildPhase section */
		2D56D77F29AAB7E500C43AA5 /* Resources */ = {
			isa = PBXResourcesBuildPhase;
			buildActionMask = 2147483647;
			files = (
				2D56D78C29AAB7E700C43AA5 /* Preview Assets.xcassets in Resources */,
				190B263B29ABDE25009B4FE6 /* GoogleService-Info.plist in Resources */,
				2D56D78929AAB7E700C43AA5 /* Assets.xcassets in Resources */,
			);
			runOnlyForDeploymentPostprocessing = 0;
		};
/* End PBXResourcesBuildPhase section */

/* Begin PBXShellScriptBuildPhase section */
		21F33599968E3E8D4053D7D4 /* [CP] Embed Pods Frameworks */ = {
			isa = PBXShellScriptBuildPhase;
			buildActionMask = 2147483647;
			files = (
			);
			inputFileListPaths = (
				"${PODS_ROOT}/Target Support Files/Pods-copwatch/Pods-copwatch-frameworks-${CONFIGURATION}-input-files.xcfilelist",
			);
			name = "[CP] Embed Pods Frameworks";
			outputFileListPaths = (
				"${PODS_ROOT}/Target Support Files/Pods-copwatch/Pods-copwatch-frameworks-${CONFIGURATION}-output-files.xcfilelist",
			);
			runOnlyForDeploymentPostprocessing = 0;
			shellPath = /bin/sh;
			shellScript = "\"${PODS_ROOT}/Target Support Files/Pods-copwatch/Pods-copwatch-frameworks.sh\"\n";
			showEnvVarsInLog = 0;
		};
		5C815D397C536522B7130774 /* [CP] Check Pods Manifest.lock */ = {
			isa = PBXShellScriptBuildPhase;
			buildActionMask = 2147483647;
			files = (
			);
			inputFileListPaths = (
			);
			inputPaths = (
				"${PODS_PODFILE_DIR_PATH}/Podfile.lock",
				"${PODS_ROOT}/Manifest.lock",
			);
			name = "[CP] Check Pods Manifest.lock";
			outputFileListPaths = (
			);
			outputPaths = (
				"$(DERIVED_FILE_DIR)/Pods-copwatch-checkManifestLockResult.txt",
			);
			runOnlyForDeploymentPostprocessing = 0;
			shellPath = /bin/sh;
			shellScript = "diff \"${PODS_PODFILE_DIR_PATH}/Podfile.lock\" \"${PODS_ROOT}/Manifest.lock\" > /dev/null\nif [ $? != 0 ] ; then\n    # print error to STDERR\n    echo \"error: The sandbox is not in sync with the Podfile.lock. Run 'pod install' or update your CocoaPods installation.\" >&2\n    exit 1\nfi\n# This output is used by Xcode 'outputs' to avoid re-running this script phase.\necho \"SUCCESS\" > \"${SCRIPT_OUTPUT_FILE_0}\"\n";
			showEnvVarsInLog = 0;
		};
		7A5E1255369C0226A5512465 /* [CP] Copy Pods Resources */ = {
			isa = PBXShellScriptBuildPhase;
			buildActionMask = 2147483647;
			files = (
			);
			inputFileListPaths = (
				"${PODS_ROOT}/Target Support Files/Pods-copwatch/Pods-copwatch-resources-${CONFIGURATION}-input-files.xcfilelist",
			);
			name = "[CP] Copy Pods Resources";
			outputFileListPaths = (
				"${PODS_ROOT}/Target Support Files/Pods-copwatch/Pods-copwatch-resources-${CONFIGURATION}-output-files.xcfilelist",
			);
			runOnlyForDeploymentPostprocessing = 0;
			shellPath = /bin/sh;
			shellScript = "\"${PODS_ROOT}/Target Support Files/Pods-copwatch/Pods-copwatch-resources.sh\"\n";
			showEnvVarsInLog = 0;
		};
/* End PBXShellScriptBuildPhase section */

/* Begin PBXSourcesBuildPhase section */
		2D56D77D29AAB7E500C43AA5 /* Sources */ = {
			isa = PBXSourcesBuildPhase;
			buildActionMask = 2147483647;
			files = (
				190B263E29ABE1FD009B4FE6 /* AppDelegate.swift in Sources */,
				2D56D79629AAB80A00C43AA5 /* Signupview.swift in Sources */,
				2D56D79429AAB80100C43AA5 /* Loginview.swift in Sources */,
				2D56D78729AAB7E500C43AA5 /* ContentView.swift in Sources */,
				190B264129ABE4F8009B4FE6 /* String.swift in Sources */,
				2D56D78529AAB7E500C43AA5 /* copwatchApp.swift in Sources */,
				2D56D79829AAB81900C43AA5 /* Authview.swift in Sources */,
			);
			runOnlyForDeploymentPostprocessing = 0;
		};
/* End PBXSourcesBuildPhase section */

/* Begin XCBuildConfiguration section */
		2D56D78D29AAB7E700C43AA5 /* Debug */ = {
			isa = XCBuildConfiguration;
			buildSettings = {
				ALWAYS_SEARCH_USER_PATHS = NO;
				CLANG_ANALYZER_NONNULL = YES;
				CLANG_ANALYZER_NUMBER_OBJECT_CONVERSION = YES_AGGRESSIVE;
				CLANG_CXX_LANGUAGE_STANDARD = "gnu++20";
				CLANG_ENABLE_MODULES = YES;
				CLANG_ENABLE_OBJC_ARC = YES;
				CLANG_ENABLE_OBJC_WEAK = YES;
				CLANG_WARN_BLOCK_CAPTURE_AUTORELEASING = YES;
				CLANG_WARN_BOOL_CONVERSION = YES;
				CLANG_WARN_COMMA = YES;
				CLANG_WARN_CONSTANT_CONVERSION = YES;
				CLANG_WARN_DEPRECATED_OBJC_IMPLEMENTATIONS = YES;
				CLANG_WARN_DIRECT_OBJC_ISA_USAGE = YES_ERROR;
				CLANG_WARN_DOCUMENTATION_COMMENTS = YES;
				CLANG_WARN_EMPTY_BODY = YES;
				CLANG_WARN_ENUM_CONVERSION = YES;
				CLANG_WARN_INFINITE_RECURSION = YES;
				CLANG_WARN_INT_CONVERSION = YES;
				CLANG_WARN_NON_LITERAL_NULL_CONVERSION = YES;
				CLANG_WARN_OBJC_IMPLICIT_RETAIN_SELF = YES;
				CLANG_WARN_OBJC_LITERAL_CONVERSION = YES;
				CLANG_WARN_OBJC_ROOT_CLASS = YES_ERROR;
				CLANG_WARN_QUOTED_INCLUDE_IN_FRAMEWORK_HEADER = YES;
				CLANG_WARN_RANGE_LOOP_ANALYSIS = YES;
				CLANG_WARN_STRICT_PROTOTYPES = YES;
				CLANG_WARN_SUSPICIOUS_MOVE = YES;
				CLANG_WARN_UNGUARDED_AVAILABILITY = YES_AGGRESSIVE;
				CLANG_WARN_UNREACHABLE_CODE = YES;
				CLANG_WARN__DUPLICATE_METHOD_MATCH = YES;
				COPY_PHASE_STRIP = NO;
				DEBUG_INFORMATION_FORMAT = dwarf;
				ENABLE_STRICT_OBJC_MSGSEND = YES;
				ENABLE_TESTABILITY = YES;
				GCC_C_LANGUAGE_STANDARD = gnu11;
				GCC_DYNAMIC_NO_PIC = NO;
				GCC_NO_COMMON_BLOCKS = YES;
				GCC_OPTIMIZATION_LEVEL = 0;
				GCC_PREPROCESSOR_DEFINITIONS = (
					"DEBUG=1",
					"$(inherited)",
				);
				GCC_WARN_64_TO_32_BIT_CONVERSION = YES;
				GCC_WARN_ABOUT_RETURN_TYPE = YES_ERROR;
				GCC_WARN_UNDECLARED_SELECTOR = YES;
				GCC_WARN_UNINITIALIZED_AUTOS = YES_AGGRESSIVE;
				GCC_WARN_UNUSED_FUNCTION = YES;
				GCC_WARN_UNUSED_VARIABLE = YES;
				IPHONEOS_DEPLOYMENT_TARGET = 16.2;
				MTL_ENABLE_DEBUG_INFO = INCLUDE_SOURCE;
				MTL_FAST_MATH = YES;
				ONLY_ACTIVE_ARCH = YES;
				SDKROOT = iphoneos;
				SWIFT_ACTIVE_COMPILATION_CONDITIONS = DEBUG;
				SWIFT_OPTIMIZATION_LEVEL = "-Onone";
			};
			name = Debug;
		};
		2D56D78E29AAB7E700C43AA5 /* Release */ = {
			isa = XCBuildConfiguration;
			buildSettings = {
				ALWAYS_SEARCH_USER_PATHS = NO;
				CLANG_ANALYZER_NONNULL = YES;
				CLANG_ANALYZER_NUMBER_OBJECT_CONVERSION = YES_AGGRESSIVE;
				CLANG_CXX_LANGUAGE_STANDARD = "gnu++20";
				CLANG_ENABLE_MODULES = YES;
				CLANG_ENABLE_OBJC_ARC = YES;
				CLANG_ENABLE_OBJC_WEAK = YES;
				CLANG_WARN_BLOCK_CAPTURE_AUTORELEASING = YES;
				CLANG_WARN_BOOL_CONVERSION = YES;
				CLANG_WARN_COMMA = YES;
				CLANG_WARN_CONSTANT_CONVERSION = YES;
				CLANG_WARN_DEPRECATED_OBJC_IMPLEMENTATIONS = YES;
				CLANG_WARN_DIRECT_OBJC_ISA_USAGE = YES_ERROR;
				CLANG_WARN_DOCUMENTATION_COMMENTS = YES;
				CLANG_WARN_EMPTY_BODY = YES;
				CLANG_WARN_ENUM_CONVERSION = YES;
				CLANG_WARN_INFINITE_RECURSION = YES;
				CLANG_WARN_INT_CONVERSION = YES;
				CLANG_WARN_NON_LITERAL_NULL_CONVERSION = YES;
				CLANG_WARN_OBJC_IMPLICIT_RETAIN_SELF = YES;
				CLANG_WARN_OBJC_LITERAL_CONVERSION = YES;
				CLANG_WARN_OBJC_ROOT_CLASS = YES_ERROR;
				CLANG_WARN_QUOTED_INCLUDE_IN_FRAMEWORK_HEADER = YES;
				CLANG_WARN_RANGE_LOOP_ANALYSIS = YES;
				CLANG_WARN_STRICT_PROTOTYPES = YES;
				CLANG_WARN_SUSPICIOUS_MOVE = YES;
				CLANG_WARN_UNGUARDED_AVAILABILITY = YES_AGGRESSIVE;
				CLANG_WARN_UNREACHABLE_CODE = YES;
				CLANG_WARN__DUPLICATE_METHOD_MATCH = YES;
				COPY_PHASE_STRIP = NO;
				DEBUG_INFORMATION_FORMAT = "dwarf-with-dsym";
				ENABLE_NS_ASSERTIONS = NO;
				ENABLE_STRICT_OBJC_MSGSEND = YES;
				GCC_C_LANGUAGE_STANDARD = gnu11;
				GCC_NO_COMMON_BLOCKS = YES;
				GCC_WARN_64_TO_32_BIT_CONVERSION = YES;
				GCC_WARN_ABOUT_RETURN_TYPE = YES_ERROR;
				GCC_WARN_UNDECLARED_SELECTOR = YES;
				GCC_WARN_UNINITIALIZED_AUTOS = YES_AGGRESSIVE;
				GCC_WARN_UNUSED_FUNCTION = YES;
				GCC_WARN_UNUSED_VARIABLE = YES;
				IPHONEOS_DEPLOYMENT_TARGET = 16.2;
				MTL_ENABLE_DEBUG_INFO = NO;
				MTL_FAST_MATH = YES;
				SDKROOT = iphoneos;
				SWIFT_COMPILATION_MODE = wholemodule;
				SWIFT_OPTIMIZATION_LEVEL = "-O";
				VALIDATE_PRODUCT = YES;
			};
			name = Release;
		};
		2D56D79029AAB7E700C43AA5 /* Debug */ = {
			isa = XCBuildConfiguration;
			baseConfigurationReference = 0A660C2173DE1B1B31D6B56F /* Pods-copwatch.debug.xcconfig */;
			buildSettings = {
				ASSETCATALOG_COMPILER_APPICON_NAME = AppIcon;
				ASSETCATALOG_COMPILER_GLOBAL_ACCENT_COLOR_NAME = AccentColor;
				CODE_SIGN_STYLE = Automatic;
				CURRENT_PROJECT_VERSION = 1;
				DEVELOPMENT_ASSET_PATHS = "\"copwatch/Preview Content\"";
				ENABLE_PREVIEWS = YES;
				GENERATE_INFOPLIST_FILE = YES;
				INFOPLIST_FILE = copwatch/Info.plist;
				INFOPLIST_KEY_UIApplicationSceneManifest_Generation = YES;
				INFOPLIST_KEY_UIApplicationSupportsIndirectInputEvents = YES;
				INFOPLIST_KEY_UISupportedInterfaceOrientations_iPad = "UIInterfaceOrientationPortrait UIInterfaceOrientationPortraitUpsideDown UIInterfaceOrientationLandscapeLeft UIInterfaceOrientationLandscapeRight";
				INFOPLIST_KEY_UISupportedInterfaceOrientations_iPhone = "UIInterfaceOrientationPortrait UIInterfaceOrientationLandscapeLeft UIInterfaceOrientationLandscapeRight";
				LD_RUNPATH_SEARCH_PATHS = (
					"$(inherited)",
					"@executable_path/Frameworks",
				);
				MARKETING_VERSION = 1.0;
				PRODUCT_BUNDLE_IDENTIFIER = ramy.copwatch;
				PRODUCT_NAME = "$(TARGET_NAME)";
				SWIFT_EMIT_LOC_STRINGS = YES;
				SWIFT_VERSION = 5.0;
				TARGETED_DEVICE_FAMILY = "1,2";
			};
			name = Debug;
		};
		2D56D79129AAB7E700C43AA5 /* Release */ = {
			isa = XCBuildConfiguration;
			baseConfigurationReference = 7D3BE2C6E6DD4D8ABD9530FB /* Pods-copwatch.release.xcconfig */;
			buildSettings = {
				ASSETCATALOG_COMPILER_APPICON_NAME = AppIcon;
				ASSETCATALOG_COMPILER_GLOBAL_ACCENT_COLOR_NAME = AccentColor;
				CODE_SIGN_STYLE = Automatic;
				CURRENT_PROJECT_VERSION = 1;
				DEVELOPMENT_ASSET_PATHS = "\"copwatch/Preview Content\"";
				ENABLE_PREVIEWS = YES;
				GENERATE_INFOPLIST_FILE = YES;
				INFOPLIST_FILE = copwatch/Info.plist;
				INFOPLIST_KEY_UIApplicationSceneManifest_Generation = YES;
				INFOPLIST_KEY_UIApplicationSupportsIndirectInputEvents = YES;
				INFOPLIST_KEY_UISupportedInterfaceOrientations_iPad = "UIInterfaceOrientationPortrait UIInterfaceOrientationPortraitUpsideDown UIInterfaceOrientationLandscapeLeft UIInterfaceOrientationLandscapeRight";
				INFOPLIST_KEY_UISupportedInterfaceOrientations_iPhone = "UIInterfaceOrientationPortrait UIInterfaceOrientationLandscapeLeft UIInterfaceOrientationLandscapeRight";
				LD_RUNPATH_SEARCH_PATHS = (
					"$(inherited)",
					"@executable_path/Frameworks",
				);
				MARKETING_VERSION = 1.0;
				PRODUCT_BUNDLE_IDENTIFIER = ramy.copwatch;
				PRODUCT_NAME = "$(TARGET_NAME)";
				SWIFT_EMIT_LOC_STRINGS = YES;
				SWIFT_VERSION = 5.0;
				TARGETED_DEVICE_FAMILY = "1,2";
			};
			name = Release;
		};
/* End XCBuildConfiguration section */

/* Begin XCConfigurationList section */
		2D56D77C29AAB7E500C43AA5 /* Build configuration list for PBXProject "copwatch" */ = {
			isa = XCConfigurationList;
			buildConfigurations = (
				2D56D78D29AAB7E700C43AA5 /* Debug */,
				2D56D78E29AAB7E700C43AA5 /* Release */,
			);
			defaultConfigurationIsVisible = 0;
			defaultConfigurationName = Release;
		};
		2D56D78F29AAB7E700C43AA5 /* Build configuration list for PBXNativeTarget "copwatch" */ = {
			isa = XCConfigurationList;
			buildConfigurations = (
				2D56D79029AAB7E700C43AA5 /* Debug */,
				2D56D79129AAB7E700C43AA5 /* Release */,
			);
			defaultConfigurationIsVisible = 0;
			defaultConfigurationName = Release;
		};
/* End XCConfigurationList section */
	};
	rootObject = 2D56D77929AAB7E500C43AA5 /* Project object */;
}
